
Microsoft Visual Studio Solution File, Format Version 12.00
# Visual Studio Version 17
VisualStudioVersion = 17.10.35027.167
MinimumVisualStudioVersion = 10.0.40219.1
Project("{FAE04EC0-301F-11D3-BF4B-00C04F79EFBC}") = "Assignment", "Assignment\Assignment.csproj", "{07C509B4-B398-4094-B613-F2D41BED8A64}"
EndProject
Global
	GlobalSection(SolutionConfigurationPlatforms) = preSolution
		Debug|Any CPU = Debug|Any CPU
		Release|Any CPU = Release|Any CPU
	EndGlobalSection
	GlobalSection(ProjectConfigurationPlatforms) = postSolution
		{07C509B4-B398-4094-B613-F2D41BED8A64}.Debug|Any CPU.ActiveCfg = Debug|Any CPU
		{07C509B4-B398-4094-B613-F2D41BED8A64}.Debug|Any CPU.Build.0 = Debug|Any CPU
		{07C509B4-B398-4094-B613-F2D41BED8A64}.Release|Any CPU.ActiveCfg = Release|Any CPU
		{07C509B4-B398-4094-B613-F2D41BED8A64}.Release|Any CPU.Build.0 = Release|Any CPU
	EndGlobalSection
	GlobalSection(SolutionProperties) = preSolution
		HideSolutionNode = FALSE
	EndGlobalSection
	GlobalSection(ExtensibilityGlobals) = postSolution
		SolutionGuid = {35047B92-685F-4866-A3E8-AA4C478333BD}
	EndGlobalSection
EndGlobal
